
Microsoft Visual Studio Solution File, Format Version 11.00
# Visual Studio 2010
Project("{FAE04EC0-301F-11D3-BF4B-00C04F79EFBC}") = "LastDay", "Assembly-CSharp.csproj", "{C4B69368-219A-C53E-4D5E-BD96307C20D2}"
EndProject
Project("{FAE04EC0-301F-11D3-BF4B-00C04F79EFBC}") = "LastDay", "Assembly-CSharp-firstpass.csproj", "{D9C5662F-0D5C-4A6D-8B69-73A08C136DC1}"
EndProject
Project("{FAE04EC0-301F-11D3-BF4B-00C04F79EFBC}") = "LastDay", "Assembly-CSharp-Editor.csproj", "{05180AB1-2FD7-9FD0-391F-18E074F602BF}"
EndProject
Project("{FAE04EC0-301F-11D3-BF4B-00C04F79EFBC}") = "LastDay", "Assembly-CSharp-Editor-firstpass.csproj", "{3FFCCCF0-9F9C-03AF-B24B-F82CC7DB7A9B}"
EndProject
Project("{FAE04EC0-301F-11D3-BF4B-00C04F79EFBC}") = "LastDay", "Unity.AssetBundleBrowser.Editor.csproj", "{8102F2CA-00C8-E4D1-C63F-F58B0FBB990D}"
EndProject
Global
	GlobalSection(SolutionConfigurationPlatforms) = preSolution
		Debug|Any CPU = Debug|Any CPU
		Release|Any CPU = Release|Any CPU
	EndGlobalSection
	GlobalSection(ProjectConfigurationPlatforms) = postSolution
		{C4B69368-219A-C53E-4D5E-BD96307C20D2}.Debug|Any CPU.ActiveCfg = Debug|Any CPU
		{C4B69368-219A-C53E-4D5E-BD96307C20D2}.Debug|Any CPU.Build.0 = Debug|Any CPU
		{C4B69368-219A-C53E-4D5E-BD96307C20D2}.Release|Any CPU.ActiveCfg = Release|Any CPU
		{C4B69368-219A-C53E-4D5E-BD96307C20D2}.Release|Any CPU.Build.0 = Release|Any CPU
		{D9C5662F-0D5C-4A6D-8B69-73A08C136DC1}.Debug|Any CPU.ActiveCfg = Debug|Any CPU
		{D9C5662F-0D5C-4A6D-8B69-73A08C136DC1}.Debug|Any CPU.Build.0 = Debug|Any CPU
		{D9C5662F-0D5C-4A6D-8B69-73A08C136DC1}.Release|Any CPU.ActiveCfg = Release|Any CPU
		{D9C5662F-0D5C-4A6D-8B69-73A08C136DC1}.Release|Any CPU.Build.0 = Release|Any CPU
		{05180AB1-2FD7-9FD0-391F-18E074F602BF}.Debug|Any CPU.ActiveCfg = Debug|Any CPU
		{05180AB1-2FD7-9FD0-391F-18E074F602BF}.Debug|Any CPU.Build.0 = Debug|Any CPU
		{05180AB1-2FD7-9FD0-391F-18E074F602BF}.Release|Any CPU.ActiveCfg = Release|Any CPU
		{05180AB1-2FD7-9FD0-391F-18E074F602BF}.Release|Any CPU.Build.0 = Release|Any CPU
		{3FFCCCF0-9F9C-03AF-B24B-F82CC7DB7A9B}.Debug|Any CPU.ActiveCfg = Debug|Any CPU
		{3FFCCCF0-9F9C-03AF-B24B-F82CC7DB7A9B}.Debug|Any CPU.Build.0 = Debug|Any CPU
		{3FFCCCF0-9F9C-03AF-B24B-F82CC7DB7A9B}.Release|Any CPU.ActiveCfg = Release|Any CPU
		{3FFCCCF0-9F9C-03AF-B24B-F82CC7DB7A9B}.Release|Any CPU.Build.0 = Release|Any CPU
		{8102F2CA-00C8-E4D1-C63F-F58B0FBB990D}.Debug|Any CPU.ActiveCfg = Debug|Any CPU
		{8102F2CA-00C8-E4D1-C63F-F58B0FBB990D}.Debug|Any CPU.Build.0 = Debug|Any CPU
		{8102F2CA-00C8-E4D1-C63F-F58B0FBB990D}.Release|Any CPU.ActiveCfg = Release|Any CPU
		{8102F2CA-00C8-E4D1-C63F-F58B0FBB990D}.Release|Any CPU.Build.0 = Release|Any CPU
	EndGlobalSection
	GlobalSection(SolutionProperties) = preSolution
		HideSolutionNode = FALSE
	EndGlobalSection
	GlobalSection(MonoDevelopProperties) = preSolution
		StartupItem = Assembly-CSharp.csproj
	EndGlobalSection
EndGlobal
